<?xml version="1.0" encoding="UTF-8" standalone="yes" ?>
<CodeBlocks_project_file>
	<FileVersion major="1" minor="6" />
	<Project>
		<Option title="Sprouts" />
		<Option pch_mode="2" />
		<Option compiler="gcc" />
		<Build>
			<Target title="Debug">
				<Option output="bin/Debug/sprouts" prefix_auto="1" extension_auto="1" />
                <Option working_dir="../" />
				<Option object_output="obj/Debug" />
				<Option type="1" />
				<Option compiler="gcc" />
				<Compiler>
					<Add option="-g" />
					<Add option="-Wall" />
					<Add option="-O2" />
				</Compiler>
			</Target>
			<Target title="Release">
				<Option output="bin/Release/sprouts" prefix_auto="1" extension_auto="1" />
                <Option working_dir="../" />
				<Option object_output="obj/Release" />
				<Option type="1" />
				<Option compiler="gcc" />
				<Compiler>
					<Add option="-O2" />
				</Compiler>
				<Linker>
					<Add option="-s" />
				</Linker>
			</Target>
		</Build>
		<Compiler>
			<Add directory="include" />
		</Compiler>
		<Linker>
            <Add library="mingw32" />
            <Add library="SDLmain" />
            <Add library="SDL" />
            <Add library="SDL_gfx" />
			<Add library="lib\SDL_image.lib" />
			<Add directory="lib" />
		</Linker>
		<Unit filename="../draw.cpp" />
		<Unit filename="../draw.h" />
		<Unit filename="../main.cpp" />
		<Unit filename="../sprout.cpp" />
		<Unit filename="../sprout.h" />
		<Extensions>
			<code_completion />
			<debugger />
			<envvars />
		</Extensions>
	</Project>
</CodeBlocks_project_file>
